
Microsoft Visual Studio Solution File, Format Version 12.00
# Visual Studio Version 16
VisualStudioVersion = 16.0.31729.503
MinimumVisualStudioVersion = 10.0.40219.1
Project("{FAE04EC0-301F-11D3-BF4B-00C04F79EFBC}") = "primenumber", "primenumber\primenumber.csproj", "{8237633E-4251-4C8F-87E9-4521B93A203F}"
EndProject
Global
	GlobalSection(SolutionConfigurationPlatforms) = preSolution
		Debug|Any CPU = Debug|Any CPU
		Release|Any CPU = Release|Any CPU
	EndGlobalSection
	GlobalSection(ProjectConfigurationPlatforms) = postSolution
		{8237633E-4251-4C8F-87E9-4521B93A203F}.Debug|Any CPU.ActiveCfg = Debug|Any CPU
		{8237633E-4251-4C8F-87E9-4521B93A203F}.Debug|Any CPU.Build.0 = Debug|Any CPU
		{8237633E-4251-4C8F-87E9-4521B93A203F}.Release|Any CPU.ActiveCfg = Release|Any CPU
		{8237633E-4251-4C8F-87E9-4521B93A203F}.Release|Any CPU.Build.0 = Release|Any CPU
	EndGlobalSection
	GlobalSection(SolutionProperties) = preSolution
		HideSolutionNode = FALSE
	EndGlobalSection
	GlobalSection(ExtensibilityGlobals) = postSolution
		SolutionGuid = {A7621BC7-4A39-4694-8719-CDFDD9474A9C}
	EndGlobalSection
EndGlobal
